
Microsoft Visual Studio Solution File, Format Version 12.00
# Visual Studio Version 17
VisualStudioVersion = 17.2.32630.192
MinimumVisualStudioVersion = 10.0.40219.1
Project("{FAE04EC0-301F-11D3-BF4B-00C04F79EFBC}") = "Hear2Read Voice Manager", "Hear2Read Voice Manager.csproj", "{D3222B6C-6F04-49CF-8124-E11ABC6BC66E}"
EndProject
Global
	GlobalSection(SolutionConfigurationPlatforms) = preSolution
		Debug|Any CPU = Debug|Any CPU
		Release|Any CPU = Release|Any CPU
	EndGlobalSection
	GlobalSection(ProjectConfigurationPlatforms) = postSolution
		{D3222B6C-6F04-49CF-8124-E11ABC6BC66E}.Debug|Any CPU.ActiveCfg = Debug|Any CPU
		{D3222B6C-6F04-49CF-8124-E11ABC6BC66E}.Debug|Any CPU.Build.0 = Debug|Any CPU
		{D3222B6C-6F04-49CF-8124-E11ABC6BC66E}.Release|Any CPU.ActiveCfg = Release|Any CPU
		{D3222B6C-6F04-49CF-8124-E11ABC6BC66E}.Release|Any CPU.Build.0 = Release|Any CPU
	EndGlobalSection
	GlobalSection(SolutionProperties) = preSolution
		HideSolutionNode = FALSE
	EndGlobalSection
	GlobalSection(ExtensibilityGlobals) = postSolution
		SolutionGuid = {2E1A4272-1699-4BA5-A9E8-37F505EDCB9F}
	EndGlobalSection
EndGlobal
